// !$*UTF8*$!
{
	archiveVersion = 1;
	classes = {
	};
	objectVersion = 50;
	objects = {

/* Begin PBXBuildFile section */
		C4B7CCA625F7A69E00355ECC /* AppDelegate.swift in Sources */ = {isa = PBXBuildFile; fileRef = C4B7CCA525F7A69E00355ECC /* AppDelegate.swift */; };
		C4B7CCA825F7A69E00355ECC /* SceneDelegate.swift in Sources */ = {isa = PBXBuildFile; fileRef = C4B7CCA725F7A69E00355ECC /* SceneDelegate.swift */; };
		C4B7CCAA25F7A69E00355ECC /* ViewController.swift in Sources */ = {isa = PBXBuildFile; fileRef = C4B7CCA925F7A69E00355ECC /* ViewController.swift */; };
		C4B7CCAD25F7A69E00355ECC /* Main.storyboard in Resources */ = {isa = PBXBuildFile; fileRef = C4B7CCAB25F7A69E00355ECC /* Main.storyboard */; };
		C4B7CCAF25F7A6A100355ECC /* Assets.xcassets in Resources */ = {isa = PBXBuildFile; fileRef = C4B7CCAE25F7A6A100355ECC /* Assets.xcassets */; };
		C4B7CCB225F7A6A100355ECC /* LaunchScreen.storyboard in Resources */ = {isa = PBXBuildFile; fileRef = C4B7CCB025F7A6A100355ECC /* LaunchScreen.storyboard */; };
/* End PBXBuildFile section */

/* Begin PBXFileReference section */
		C4B7CCA225F7A69E00355ECC /* UIKitStart.app */ = {isa = PBXFileReference; explicitFileType = wrapper.application; includeInIndex = 0; path = UIKitStart.app; sourceTree = BUILT_PRODUCTS_DIR; };
		C4B7CCA525F7A69E00355ECC /* AppDelegate.swift */ = {isa = PBXFileReference; lastKnownFileType = sourcecode.swift; path = AppDelegate.swift; sourceTree = "<group>"; };
		C4B7CCA725F7A69E00355ECC /* SceneDelegate.swift */ = {isa = PBXFileReference; lastKnownFileType = sourcecode.swift; path = SceneDelegate.swift; sourceTree = "<group>"; };
		C4B7CCA925F7A69E00355ECC /* ViewController.swift */ = {isa = PBXFileReference; lastKnownFileType = sourcecode.swift; path = ViewController.swift; sourceTree = "<group>"; };
		C4B7CCAC25F7A69E00355ECC /* Base */ = {isa = PBXFileReference; lastKnownFileType = file.storyboard; name = Base; path = Base.lproj/Main.storyboard; sourceTree = "<group>"; };
		C4B7CCAE25F7A6A100355ECC /* Assets.xcassets */ = {isa = PBXFileReference; lastKnownFileType = folder.assetcatalog; path = Assets.xcassets; sourceTree = "<group>"; };
		C4B7CCB125F7A6A100355ECC /* Base */ = {isa = PBXFileReference; lastKnownFileType = file.storyboard; name = Base; path = Base.lproj/LaunchScreen.storyboard; sourceTree = "<group>"; };
		C4B7CCB325F7A6A100355ECC /* Info.plist */ = {isa = PBXFileReference; lastKnownFileType = text.plist.xml; path = Info.plist; sourceTree = "<group>"; };
/* End PBXFileReference section */

/* Begin PBXFrameworksBuildPhase section */
		C4B7CC9F25F7A69E00355ECC /* Frameworks */ = {
			isa = PBXFrameworksBuildPhase;
			buildActionMask = 2147483647;
			files = (
			);
			runOnlyForDeploymentPostprocessing = 0;
		};
/* End PBXFrameworksBuildPhase section */

/* Begin PBXGroup section */
		C4B7CC9925F7A69E00355ECC = {
			isa = PBXGroup;
			children = (
				C4B7CCA425F7A69E00355ECC /* UIKitStart */,
				C4B7CCA325F7A69E00355ECC /* Products */,
			);
			sourceTree = "<group>";
		};
		C4B7CCA325F7A69E00355ECC /* Products */ = {
			isa = PBXGroup;
			children = (
				C4B7CCA225F7A69E00355ECC /* UIKitStart.app */,
			);
			name = Products;
			sourceTree = "<group>";
		};
		C4B7CCA425F7A69E00355ECC /* UIKitStart */ = {
			isa = PBXGroup;
			children = (
				C4B7CCA525F7A69E00355ECC /* AppDelegate.swift */,
				C4B7CCA725F7A69E00355ECC /* SceneDelegate.swift */,
				C4B7CCA925F7A69E00355ECC /* ViewController.swift */,
				C4B7CCAB25F7A69E00355ECC /* Main.storyboard */,
				C4B7CCAE25F7A6A100355ECC /* Assets.xcassets */,
				C4B7CCB025F7A6A100355ECC /* LaunchScreen.storyboard */,
				C4B7CCB325F7A6A100355ECC /* Info.plist */,
			);
			path = UIKitStart;
			sourceTree = "<group>";
		};
/* End PBXGroup section */

/* Begin PBXNativeTarget section */
		C4B7CCA125F7A69E00355ECC /* UIKitStart */ = {
			isa = PBXNativeTarget;
			buildConfigurationList = C4B7CCB625F7A6A100355ECC /* Build configuration list for PBXNativeTarget "UIKitStart" */;
			buildPhases = (
				C4B7CC9E25F7A69E00355ECC /* Sources */,
				C4B7CC9F25F7A69E00355ECC /* Frameworks */,
				C4B7CCA025F7A69E00355ECC /* Resources */,
			);
			buildRules = (
			);
			dependencies = (
			);
			name = UIKitStart;
			productName = UIKitStart;
			productReference = C4B7CCA225F7A69E00355ECC /* UIKitStart.app */;
			productType = "com.apple.product-type.application";
		};
/* End PBXNativeTarget section */

/* Begin PBXProject section */
		C4B7CC9A25F7A69E00355ECC /* Project object */ = {
			isa = PBXProject;
			attributes = {
				LastSwiftUpdateCheck = 1230;
				LastUpgradeCheck = 1230;
				TargetAttributes = {
					C4B7CCA125F7A69E00355ECC = {
						CreatedOnToolsVersion = 12.3;
					};
				};
			};
			buildConfigurationList = C4B7CC9D25F7A69E00355ECC /* Build configuration list for PBXProject "UIKitStart" */;
			compatibilityVersion = "Xcode 9.3";
			developmentRegion = en;
			hasScannedForEncodings = 0;
			knownRegions = (
				en,
				Base,
			);
			mainGroup = C4B7CC9925F7A69E00355ECC;
			productRefGroup = C4B7CCA325F7A69E00355ECC /* Products */;
			projectDirPath = "";
			projectRoot = "";
			targets = (
				C4B7CCA125F7A69E00355ECC /* UIKitStart */,
			);
		};
/* End PBXProject section */

/* Begin PBXResourcesBuildPhase section */
		C4B7CCA025F7A69E00355ECC /* Resources */ = {
			isa = PBXResourcesBuildPhase;
			buildActionMask = 2147483647;
			files = (
				C4B7CCB225F7A6A100355ECC /* LaunchScreen.storyboard in Resources */,
				C4B7CCAF25F7A6A100355ECC /* Assets.xcassets in Resources */,
				C4B7CCAD25F7A69E00355ECC /* Main.storyboard in Resources */,
			);
			runOnlyForDeploymentPostprocessing = 0;
		};
/* End PBXResourcesBuildPhase section */

/* Begin PBXSourcesBuildPhase section */
		C4B7CC9E25F7A69E00355ECC /* Sources */ = {
			isa = PBXSourcesBuildPhase;
			buildActionMask = 2147483647;
			files = (
				C4B7CCAA25F7A69E00355ECC /* ViewController.swift in Sources */,
				C4B7CCA625F7A69E00355ECC /* AppDelegate.swift in Sources */,
				C4B7CCA825F7A69E00355ECC /* SceneDelegate.swift in Sources */,
			);
			runOnlyForDeploymentPostprocessing = 0;
		};
/* End PBXSourcesBuildPhase section */

/* Begin PBXVariantGroup section */
		C4B7CCAB25F7A69E00355ECC /* Main.storyboard */ = {
			isa = PBXVariantGroup;
			children = (
				C4B7CCAC25F7A69E00355ECC /* Base */,
			);
			name = Main.storyboard;
			sourceTree = "<group>";
		};
		C4B7CCB025F7A6A100355ECC /* LaunchScreen.storyboard */ = {
			isa = PBXVariantGroup;
			children = (
				C4B7CCB125F7A6A100355ECC /* Base */,
			);
			name = LaunchScreen.storyboard;
			sourceTree = "<group>";
		};
/* End PBXVariantGroup section */

/* Begin XCBuildConfiguration section */
		C4B7CCB425F7A6A100355ECC /* Debug */ = {
			isa = XCBuildConfiguration;
			buildSettings = {
				ALWAYS_SEARCH_USER_PATHS = NO;
				CLANG_ANALYZER_NONNULL = YES;
				CLANG_ANALYZER_NUMBER_OBJECT_CONVERSION = YES_AGGRESSIVE;
				CLANG_CXX_LANGUAGE_STANDARD = "gnu++14";
				CLANG_CXX_LIBRARY = "libc++";
				CLANG_ENABLE_MODULES = YES;
				CLANG_ENABLE_OBJC_ARC = YES;
				CLANG_ENABLE_OBJC_WEAK = YES;
				CLANG_WARN_BLOCK_CAPTURE_AUTORELEASING = YES;
				CLANG_WARN_BOOL_CONVERSION = YES;
				CLANG_WARN_COMMA = YES;
				CLANG_WARN_CONSTANT_CONVERSION = YES;
				CLANG_WARN_DEPRECATED_OBJC_IMPLEMENTATIONS = YES;
				CLANG_WARN_DIRECT_OBJC_ISA_USAGE = YES_ERROR;
				CLANG_WARN_DOCUMENTATION_COMMENTS = YES;
				CLANG_WARN_EMPTY_BODY = YES;
				CLANG_WARN_ENUM_CONVERSION = YES;
				CLANG_WARN_INFINITE_RECURSION = YES;
				CLANG_WARN_INT_CONVERSION = YES;
				CLANG_WARN_NON_LITERAL_NULL_CONVERSION = YES;
				CLANG_WARN_OBJC_IMPLICIT_RETAIN_SELF = YES;
				CLANG_WARN_OBJC_LITERAL_CONVERSION = YES;
				CLANG_WARN_OBJC_ROOT_CLASS = YES_ERROR;
				CLANG_WARN_QUOTED_INCLUDE_IN_FRAMEWORK_HEADER = YES;
				CLANG_WARN_RANGE_LOOP_ANALYSIS = YES;
				CLANG_WARN_STRICT_PROTOTYPES = YES;
				CLANG_WARN_SUSPICIOUS_MOVE = YES;
				CLANG_WARN_UNGUARDED_AVAILABILITY = YES_AGGRESSIVE;
				CLANG_WARN_UNREACHABLE_CODE = YES;
				CLANG_WARN__DUPLICATE_METHOD_MATCH = YES;
				COPY_PHASE_STRIP = NO;
				DEBUG_INFORMATION_FORMAT = dwarf;
				ENABLE_STRICT_OBJC_MSGSEND = YES;
				ENABLE_TESTABILITY = YES;
				GCC_C_LANGUAGE_STANDARD = gnu11;
				GCC_DYNAMIC_NO_PIC = NO;
				GCC_NO_COMMON_BLOCKS = YES;
				GCC_OPTIMIZATION_LEVEL = 0;
				GCC_PREPROCESSOR_DEFINITIONS = (
					"DEBUG=1",
					"$(inherited)",
				);
				GCC_WARN_64_TO_32_BIT_CONVERSION = YES;
				GCC_WARN_ABOUT_RETURN_TYPE = YES_ERROR;
				GCC_WARN_UNDECLARED_SELECTOR = YES;
				GCC_WARN_UNINITIALIZED_AUTOS = YES_AGGRESSIVE;
				GCC_WARN_UNUSED_FUNCTION = YES;
				GCC_WARN_UNUSED_VARIABLE = YES;
				IPHONEOS_DEPLOYMENT_TARGET = 14.3;
				MTL_ENABLE_DEBUG_INFO = INCLUDE_SOURCE;
				MTL_FAST_MATH = YES;
				ONLY_ACTIVE_ARCH = YES;
				SDKROOT = iphoneos;
				SWIFT_ACTIVE_COMPILATION_CONDITIONS = DEBUG;
				SWIFT_OPTIMIZATION_LEVEL = "-Onone";
			};
			name = Debug;
		};
		C4B7CCB525F7A6A100355ECC /* Release */ = {
			isa = XCBuildConfiguration;
			buildSettings = {
				ALWAYS_SEARCH_USER_PATHS = NO;
				CLANG_ANALYZER_NONNULL = YES;
				CLANG_ANALYZER_NUMBER_OBJECT_CONVERSION = YES_AGGRESSIVE;
				CLANG_CXX_LANGUAGE_STANDARD = "gnu++14";
				CLANG_CXX_LIBRARY = "libc++";
				CLANG_ENABLE_MODULES = YES;
				CLANG_ENABLE_OBJC_ARC = YES;
				CLANG_ENABLE_OBJC_WEAK = YES;
				CLANG_WARN_BLOCK_CAPTURE_AUTORELEASING = YES;
				CLANG_WARN_BOOL_CONVERSION = YES;
				CLANG_WARN_COMMA = YES;
				CLANG_WARN_CONSTANT_CONVERSION = YES;
				CLANG_WARN_DEPRECATED_OBJC_IMPLEMENTATIONS = YES;
				CLANG_WARN_DIRECT_OBJC_ISA_USAGE = YES_ERROR;
				CLANG_WARN_DOCUMENTATION_COMMENTS = YES;
				CLANG_WARN_EMPTY_BODY = YES;
				CLANG_WARN_ENUM_CONVERSION = YES;
				CLANG_WARN_INFINITE_RECURSION = YES;
				CLANG_WARN_INT_CONVERSION = YES;
				CLANG_WARN_NON_LITERAL_NULL_CONVERSION = YES;
				CLANG_WARN_OBJC_IMPLICIT_RETAIN_SELF = YES;
				CLANG_WARN_OBJC_LITERAL_CONVERSION = YES;
				CLANG_WARN_OBJC_ROOT_CLASS = YES_ERROR;
				CLANG_WARN_QUOTED_INCLUDE_IN_FRAMEWORK_HEADER = YES;
				CLANG_WARN_RANGE_LOOP_ANALYSIS = YES;
				CLANG_WARN_STRICT_PROTOTYPES = YES;
				CLANG_WARN_SUSPICIOUS_MOVE = YES;
				CLANG_WARN_UNGUARDED_AVAILABILITY = YES_AGGRESSIVE;
				CLANG_WARN_UNREACHABLE_CODE = YES;
				CLANG_WARN__DUPLICATE_METHOD_MATCH = YES;
				COPY_PHASE_STRIP = NO;
				DEBUG_INFORMATION_FORMAT = "dwarf-with-dsym";
				ENABLE_NS_ASSERTIONS = NO;
				ENABLE_STRICT_OBJC_MSGSEND = YES;
				GCC_C_LANGUAGE_STANDARD = gnu11;
				GCC_NO_COMMON_BLOCKS = YES;
				GCC_WARN_64_TO_32_BIT_CONVERSION = YES;
				GCC_WARN_ABOUT_RETURN_TYPE = YES_ERROR;
				GCC_WARN_UNDECLARED_SELECTOR = YES;
				GCC_WARN_UNINITIALIZED_AUTOS = YES_AGGRESSIVE;
				GCC_WARN_UNUSED_FUNCTION = YES;
				GCC_WARN_UNUSED_VARIABLE = YES;
				IPHONEOS_DEPLOYMENT_TARGET = 14.3;
				MTL_ENABLE_DEBUG_INFO = NO;
				MTL_FAST_MATH = YES;
				SDKROOT = iphoneos;
				SWIFT_COMPILATION_MODE = wholemodule;
				SWIFT_OPTIMIZATION_LEVEL = "-O";
				VALIDATE_PRODUCT = YES;
			};
			name = Release;
		};
		C4B7CCB725F7A6A100355ECC /* Debug */ = {
			isa = XCBuildConfiguration;
			buildSettings = {
				ASSETCATALOG_COMPILER_APPICON_NAME = AppIcon;
				ASSETCATALOG_COMPILER_GLOBAL_ACCENT_COLOR_NAME = AccentColor;
				CODE_SIGN_STYLE = Automatic;
				DEVELOPMENT_TEAM = VL686P9K3R;
				INFOPLIST_FILE = UIKitStart/Info.plist;
				LD_RUNPATH_SEARCH_PATHS = (
					"$(inherited)",
					"@executable_path/Frameworks",
				);
				PRODUCT_BUNDLE_IDENTIFIER = com.masa.products.UIKitStart;
				PRODUCT_NAME = "$(TARGET_NAME)";
				SWIFT_VERSION = 5.0;
				TARGETED_DEVICE_FAMILY = "1,2";
			};
			name = Debug;
		};
		C4B7CCB825F7A6A100355ECC /* Release */ = {
			isa = XCBuildConfiguration;
			buildSettings = {
				ASSETCATALOG_COMPILER_APPICON_NAME = AppIcon;
				ASSETCATALOG_COMPILER_GLOBAL_ACCENT_COLOR_NAME = AccentColor;
				CODE_SIGN_STYLE = Automatic;
				DEVELOPMENT_TEAM = VL686P9K3R;
				INFOPLIST_FILE = UIKitStart/Info.plist;
				LD_RUNPATH_SEARCH_PATHS = (
					"$(inherited)",
					"@executable_path/Frameworks",
				);
				PRODUCT_BUNDLE_IDENTIFIER = com.masa.products.UIKitStart;
				PRODUCT_NAME = "$(TARGET_NAME)";
				SWIFT_VERSION = 5.0;
				TARGETED_DEVICE_FAMILY = "1,2";
			};
			name = Release;
		};
/* End XCBuildConfiguration section */

/* Begin XCConfigurationList section */
		C4B7CC9D25F7A69E00355ECC /* Build configuration list for PBXProject "UIKitStart" */ = {
			isa = XCConfigurationList;
			buildConfigurations = (
				C4B7CCB425F7A6A100355ECC /* Debug */,
				C4B7CCB525F7A6A100355ECC /* Release */,
			);
			defaultConfigurationIsVisible = 0;
			defaultConfigurationName = Release;
		};
		C4B7CCB625F7A6A100355ECC /* Build configuration list for PBXNativeTarget "UIKitStart" */ = {
			isa = XCConfigurationList;
			buildConfigurations = (
				C4B7CCB725F7A6A100355ECC /* Debug */,
				C4B7CCB825F7A6A100355ECC /* Release */,
			);
			defaultConfigurationIsVisible = 0;
			defaultConfigurationName = Release;
		};
/* End XCConfigurationList section */
	};
	rootObject = C4B7CC9A25F7A69E00355ECC /* Project object */;
}
